
Microsoft Visual Studio Solution File, Format Version 12.00
# Visual Studio 14
VisualStudioVersion = 14.0.25123.0
MinimumVisualStudioVersion = 10.0.40219.1
Project("{FAE04EC0-301F-11D3-BF4B-00C04F79EFBC}") = "DatesAndTimes", "DatesAndTimes\DatesAndTimes.csproj", "{D55589CB-40E4-42BD-B386-92E837F4625D}"
EndProject
Global
	GlobalSection(SolutionConfigurationPlatforms) = preSolution
		Debug|Any CPU = Debug|Any CPU
		Release|Any CPU = Release|Any CPU
	EndGlobalSection
	GlobalSection(ProjectConfigurationPlatforms) = postSolution
		{D55589CB-40E4-42BD-B386-92E837F4625D}.Debug|Any CPU.ActiveCfg = Debug|Any CPU
		{D55589CB-40E4-42BD-B386-92E837F4625D}.Debug|Any CPU.Build.0 = Debug|Any CPU
		{D55589CB-40E4-42BD-B386-92E837F4625D}.Release|Any CPU.ActiveCfg = Release|Any CPU
		{D55589CB-40E4-42BD-B386-92E837F4625D}.Release|Any CPU.Build.0 = Release|Any CPU
	EndGlobalSection
	GlobalSection(SolutionProperties) = preSolution
		HideSolutionNode = FALSE
	EndGlobalSection
EndGlobal
