
Microsoft Visual Studio Solution File, Format Version 12.00
# Visual Studio 14
VisualStudioVersion = 14.0.25123.0
MinimumVisualStudioVersion = 10.0.40219.1
Project("{FAE04EC0-301F-11D3-BF4B-00C04F79EFBC}") = "NamespacesAndReferencingAssemblies", "NamespacesAndReferenceAssemblies\NamespacesAndReferencingAssemblies.csproj", "{EDC3E530-1AC3-454F-8824-B309216BE161}"
EndProject
Global
	GlobalSection(SolutionConfigurationPlatforms) = preSolution
		Debug|Any CPU = Debug|Any CPU
		Release|Any CPU = Release|Any CPU
	EndGlobalSection
	GlobalSection(ProjectConfigurationPlatforms) = postSolution
		{EDC3E530-1AC3-454F-8824-B309216BE161}.Debug|Any CPU.ActiveCfg = Debug|Any CPU
		{EDC3E530-1AC3-454F-8824-B309216BE161}.Debug|Any CPU.Build.0 = Debug|Any CPU
		{EDC3E530-1AC3-454F-8824-B309216BE161}.Release|Any CPU.ActiveCfg = Release|Any CPU
		{EDC3E530-1AC3-454F-8824-B309216BE161}.Release|Any CPU.Build.0 = Release|Any CPU
	EndGlobalSection
	GlobalSection(SolutionProperties) = preSolution
		HideSolutionNode = FALSE
	EndGlobalSection
EndGlobal
